// !$*UTF8*$!
{
	archiveVersion = 1;
	classes = {
	};
	objectVersion = 51;
	objects = {

/* Begin PBXBuildFile section */
		B60383542502995D005BE105 /* Coordinate.swift in Sources */ = {isa = PBXBuildFile; fileRef = B60383532502995D005BE105 /* Coordinate.swift */; };
		B60383602506B066005BE105 /* MainViewController.swift in Sources */ = {isa = PBXBuildFile; fileRef = B603835F2506B066005BE105 /* MainViewController.swift */; };
		B60383622506B0EA005BE105 /* Auth.storyboard in Resources */ = {isa = PBXBuildFile; fileRef = B60383612506B0EA005BE105 /* Auth.storyboard */; };
		B60383642506B298005BE105 /* LoginViewController.swift in Sources */ = {isa = PBXBuildFile; fileRef = B60383632506B298005BE105 /* LoginViewController.swift */; };
		B60383662506B330005BE105 /* RegistrationViewController.swift in Sources */ = {isa = PBXBuildFile; fileRef = B60383652506B330005BE105 /* RegistrationViewController.swift */; };
		B60383682507AA69005BE105 /* User.swift in Sources */ = {isa = PBXBuildFile; fileRef = B60383672507AA69005BE105 /* User.swift */; };
		B603836A2507AD47005BE105 /* UIViewController + ext.swift in Sources */ = {isa = PBXBuildFile; fileRef = B60383692507AD47005BE105 /* UIViewController + ext.swift */; };
		B60383702507B43E005BE105 /* BaseCoordinator.swift in Sources */ = {isa = PBXBuildFile; fileRef = B603836F2507B43E005BE105 /* BaseCoordinator.swift */; };
		B60383722507B78F005BE105 /* ApplicationCoordinator.swift in Sources */ = {isa = PBXBuildFile; fileRef = B60383712507B78F005BE105 /* ApplicationCoordinator.swift */; };
		B60383742507B955005BE105 /* MainCoordinator.swift in Sources */ = {isa = PBXBuildFile; fileRef = B60383732507B955005BE105 /* MainCoordinator.swift */; };
		B62CC8692507C50700EF7BF6 /* AuthCoordinator.swift in Sources */ = {isa = PBXBuildFile; fileRef = B62CC8682507C50700EF7BF6 /* AuthCoordinator.swift */; };
		B62CC86E2508004300EF7BF6 /* RegistryCoordinator.swift in Sources */ = {isa = PBXBuildFile; fileRef = B62CC86D2508004300EF7BF6 /* RegistryCoordinator.swift */; };
		B667EEA52519F63C00BBBA65 /* NotificationService.swift in Sources */ = {isa = PBXBuildFile; fileRef = B667EEA42519F63C00BBBA65 /* NotificationService.swift */; };
		B66AD2C725101817004A8377 /* LocationManager.swift in Sources */ = {isa = PBXBuildFile; fileRef = B66AD2C625101817004A8377 /* LocationManager.swift */; };
		B6C3607D24FFA81F00E31503 /* AppDelegate.swift in Sources */ = {isa = PBXBuildFile; fileRef = B6C3607C24FFA81F00E31503 /* AppDelegate.swift */; };
		B6C3607F24FFA81F00E31503 /* SceneDelegate.swift in Sources */ = {isa = PBXBuildFile; fileRef = B6C3607E24FFA81F00E31503 /* SceneDelegate.swift */; };
		B6C3608124FFA81F00E31503 /* MapViewController.swift in Sources */ = {isa = PBXBuildFile; fileRef = B6C3608024FFA81F00E31503 /* MapViewController.swift */; };
		B6C3608424FFA81F00E31503 /* Main.storyboard in Resources */ = {isa = PBXBuildFile; fileRef = B6C3608224FFA81F00E31503 /* Main.storyboard */; };
		B6C3608624FFA82000E31503 /* Assets.xcassets in Resources */ = {isa = PBXBuildFile; fileRef = B6C3608524FFA82000E31503 /* Assets.xcassets */; };
		B6C3608924FFA82000E31503 /* LaunchScreen.storyboard in Resources */ = {isa = PBXBuildFile; fileRef = B6C3608724FFA82000E31503 /* LaunchScreen.storyboard */; };
		F5818481FFE2E9B2C174828A /* Pods_Tap2Map.framework in Frameworks */ = {isa = PBXBuildFile; fileRef = 5A5AFFB397A959010710876F /* Pods_Tap2Map.framework */; };
/* End PBXBuildFile section */

/* Begin PBXFileReference section */
		5A5AFFB397A959010710876F /* Pods_Tap2Map.framework */ = {isa = PBXFileReference; explicitFileType = wrapper.framework; includeInIndex = 0; path = Pods_Tap2Map.framework; sourceTree = BUILT_PRODUCTS_DIR; };
		B60383532502995D005BE105 /* Coordinate.swift */ = {isa = PBXFileReference; lastKnownFileType = sourcecode.swift; path = Coordinate.swift; sourceTree = "<group>"; };
		B603835F2506B066005BE105 /* MainViewController.swift */ = {isa = PBXFileReference; lastKnownFileType = sourcecode.swift; path = MainViewController.swift; sourceTree = "<group>"; };
		B60383612506B0EA005BE105 /* Auth.storyboard */ = {isa = PBXFileReference; lastKnownFileType = file.storyboard; path = Auth.storyboard; sourceTree = "<group>"; };
		B60383632506B298005BE105 /* LoginViewController.swift */ = {isa = PBXFileReference; lastKnownFileType = sourcecode.swift; path = LoginViewController.swift; sourceTree = "<group>"; };
		B60383652506B330005BE105 /* RegistrationViewController.swift */ = {isa = PBXFileReference; lastKnownFileType = sourcecode.swift; path = RegistrationViewController.swift; sourceTree = "<group>"; };
		B60383672507AA69005BE105 /* User.swift */ = {isa = PBXFileReference; lastKnownFileType = sourcecode.swift; path = User.swift; sourceTree = "<group>"; };
		B60383692507AD47005BE105 /* UIViewController + ext.swift */ = {isa = PBXFileReference; lastKnownFileType = sourcecode.swift; path = "UIViewController + ext.swift"; sourceTree = "<group>"; };
		B603836F2507B43E005BE105 /* BaseCoordinator.swift */ = {isa = PBXFileReference; lastKnownFileType = sourcecode.swift; path = BaseCoordinator.swift; sourceTree = "<group>"; };
		B60383712507B78F005BE105 /* ApplicationCoordinator.swift */ = {isa = PBXFileReference; lastKnownFileType = sourcecode.swift; path = ApplicationCoordinator.swift; sourceTree = "<group>"; };
		B60383732507B955005BE105 /* MainCoordinator.swift */ = {isa = PBXFileReference; lastKnownFileType = sourcecode.swift; path = MainCoordinator.swift; sourceTree = "<group>"; };
		B62CC8682507C50700EF7BF6 /* AuthCoordinator.swift */ = {isa = PBXFileReference; lastKnownFileType = sourcecode.swift; path = AuthCoordinator.swift; sourceTree = "<group>"; };
		B62CC86D2508004300EF7BF6 /* RegistryCoordinator.swift */ = {isa = PBXFileReference; lastKnownFileType = sourcecode.swift; path = RegistryCoordinator.swift; sourceTree = "<group>"; };
		B667EEA42519F63C00BBBA65 /* NotificationService.swift */ = {isa = PBXFileReference; lastKnownFileType = sourcecode.swift; path = NotificationService.swift; sourceTree = "<group>"; };
		B66AD2C625101817004A8377 /* LocationManager.swift */ = {isa = PBXFileReference; lastKnownFileType = sourcecode.swift; path = LocationManager.swift; sourceTree = "<group>"; };
		B6C3607924FFA81F00E31503 /* Tap2Map.app */ = {isa = PBXFileReference; explicitFileType = wrapper.application; includeInIndex = 0; path = Tap2Map.app; sourceTree = BUILT_PRODUCTS_DIR; };
		B6C3607C24FFA81F00E31503 /* AppDelegate.swift */ = {isa = PBXFileReference; lastKnownFileType = sourcecode.swift; path = AppDelegate.swift; sourceTree = "<group>"; };
		B6C3607E24FFA81F00E31503 /* SceneDelegate.swift */ = {isa = PBXFileReference; lastKnownFileType = sourcecode.swift; path = SceneDelegate.swift; sourceTree = "<group>"; };
		B6C3608024FFA81F00E31503 /* MapViewController.swift */ = {isa = PBXFileReference; lastKnownFileType = sourcecode.swift; path = MapViewController.swift; sourceTree = "<group>"; };
		B6C3608324FFA81F00E31503 /* Base */ = {isa = PBXFileReference; lastKnownFileType = file.storyboard; name = Base; path = Base.lproj/Main.storyboard; sourceTree = "<group>"; };
		B6C3608524FFA82000E31503 /* Assets.xcassets */ = {isa = PBXFileReference; lastKnownFileType = folder.assetcatalog; path = Assets.xcassets; sourceTree = "<group>"; };
		B6C3608824FFA82000E31503 /* Base */ = {isa = PBXFileReference; lastKnownFileType = file.storyboard; name = Base; path = Base.lproj/LaunchScreen.storyboard; sourceTree = "<group>"; };
		B6C3608A24FFA82000E31503 /* Info.plist */ = {isa = PBXFileReference; lastKnownFileType = text.plist.xml; path = Info.plist; sourceTree = "<group>"; };
		BD77B27081B01AA3248C3AE4 /* Pods-Tap2Map.release.xcconfig */ = {isa = PBXFileReference; includeInIndex = 1; lastKnownFileType = text.xcconfig; name = "Pods-Tap2Map.release.xcconfig"; path = "Target Support Files/Pods-Tap2Map/Pods-Tap2Map.release.xcconfig"; sourceTree = "<group>"; };
		D08FBCE0D85A176D6124EF28 /* Pods-Tap2Map.debug.xcconfig */ = {isa = PBXFileReference; includeInIndex = 1; lastKnownFileType = text.xcconfig; name = "Pods-Tap2Map.debug.xcconfig"; path = "Target Support Files/Pods-Tap2Map/Pods-Tap2Map.debug.xcconfig"; sourceTree = "<group>"; };
/* End PBXFileReference section */

/* Begin PBXFrameworksBuildPhase section */
		B6C3607624FFA81F00E31503 /* Frameworks */ = {
			isa = PBXFrameworksBuildPhase;
			buildActionMask = 2147483647;
			files = (
				F5818481FFE2E9B2C174828A /* Pods_Tap2Map.framework in Frameworks */,
			);
			runOnlyForDeploymentPostprocessing = 0;
		};
/* End PBXFrameworksBuildPhase section */

/* Begin PBXGroup section */
		523F75352B1B0CF355F05ECD /* Frameworks */ = {
			isa = PBXGroup;
			children = (
				5A5AFFB397A959010710876F /* Pods_Tap2Map.framework */,
			);
			name = Frameworks;
			sourceTree = "<group>";
		};
		556831381A428A923A2C1291 /* Pods */ = {
			isa = PBXGroup;
			children = (
				D08FBCE0D85A176D6124EF28 /* Pods-Tap2Map.debug.xcconfig */,
				BD77B27081B01AA3248C3AE4 /* Pods-Tap2Map.release.xcconfig */,
			);
			path = Pods;
			sourceTree = "<group>";
		};
		B603836B2507B39D005BE105 /* Model */ = {
			isa = PBXGroup;
			children = (
				B60383532502995D005BE105 /* Coordinate.swift */,
				B60383672507AA69005BE105 /* User.swift */,
			);
			path = Model;
			sourceTree = "<group>";
		};
		B603836C2507B3BF005BE105 /* View */ = {
			isa = PBXGroup;
			children = (
				B6C3608224FFA81F00E31503 /* Main.storyboard */,
				B60383612506B0EA005BE105 /* Auth.storyboard */,
			);
			path = View;
			sourceTree = "<group>";
		};
		B603836D2507B3D2005BE105 /* Controller */ = {
			isa = PBXGroup;
			children = (
				B603836E2507B3F9005BE105 /* Extension */,
				B6C3608024FFA81F00E31503 /* MapViewController.swift */,
				B603835F2506B066005BE105 /* MainViewController.swift */,
				B60383632506B298005BE105 /* LoginViewController.swift */,
				B60383652506B330005BE105 /* RegistrationViewController.swift */,
			);
			path = Controller;
			sourceTree = "<group>";
		};
		B603836E2507B3F9005BE105 /* Extension */ = {
			isa = PBXGroup;
			children = (
				B60383692507AD47005BE105 /* UIViewController + ext.swift */,
			);
			path = Extension;
			sourceTree = "<group>";
		};
		B62CC86A2507C7A700EF7BF6 /* Coordinator */ = {
			isa = PBXGroup;
			children = (
				B603836F2507B43E005BE105 /* BaseCoordinator.swift */,
				B60383712507B78F005BE105 /* ApplicationCoordinator.swift */,
				B60383732507B955005BE105 /* MainCoordinator.swift */,
				B62CC8682507C50700EF7BF6 /* AuthCoordinator.swift */,
				B62CC86D2508004300EF7BF6 /* RegistryCoordinator.swift */,
			);
			path = Coordinator;
			sourceTree = "<group>";
		};
		B667EEA6251A03EF00BBBA65 /* Notification Service */ = {
			isa = PBXGroup;
			children = (
				B667EEA42519F63C00BBBA65 /* NotificationService.swift */,
			);
			path = "Notification Service";
			sourceTree = "<group>";
		};
		B66AD2C82510DD1D004A8377 /* Location Manager */ = {
			isa = PBXGroup;
			children = (
				B66AD2C625101817004A8377 /* LocationManager.swift */,
			);
			path = "Location Manager";
			sourceTree = "<group>";
		};
		B6C3607024FFA81F00E31503 = {
			isa = PBXGroup;
			children = (
				B6C3607B24FFA81F00E31503 /* Tap2Map */,
				B6C3607A24FFA81F00E31503 /* Products */,
				556831381A428A923A2C1291 /* Pods */,
				523F75352B1B0CF355F05ECD /* Frameworks */,
			);
			sourceTree = "<group>";
		};
		B6C3607A24FFA81F00E31503 /* Products */ = {
			isa = PBXGroup;
			children = (
				B6C3607924FFA81F00E31503 /* Tap2Map.app */,
			);
			name = Products;
			sourceTree = "<group>";
		};
		B6C3607B24FFA81F00E31503 /* Tap2Map */ = {
			isa = PBXGroup;
			children = (
				B6C3607C24FFA81F00E31503 /* AppDelegate.swift */,
				B6C3607E24FFA81F00E31503 /* SceneDelegate.swift */,
				B667EEA6251A03EF00BBBA65 /* Notification Service */,
				B66AD2C82510DD1D004A8377 /* Location Manager */,
				B62CC86A2507C7A700EF7BF6 /* Coordinator */,
				B603836D2507B3D2005BE105 /* Controller */,
				B603836B2507B39D005BE105 /* Model */,
				B603836C2507B3BF005BE105 /* View */,
				B6C3608524FFA82000E31503 /* Assets.xcassets */,
				B6C3608724FFA82000E31503 /* LaunchScreen.storyboard */,
				B6C3608A24FFA82000E31503 /* Info.plist */,
			);
			path = Tap2Map;
			sourceTree = "<group>";
		};
/* End PBXGroup section */

/* Begin PBXNativeTarget section */
		B6C3607824FFA81F00E31503 /* Tap2Map */ = {
			isa = PBXNativeTarget;
			buildConfigurationList = B6C3608D24FFA82000E31503 /* Build configuration list for PBXNativeTarget "Tap2Map" */;
			buildPhases = (
				08534F4BAFAD0A9008A1FC07 /* [CP] Check Pods Manifest.lock */,
				B6C3607524FFA81F00E31503 /* Sources */,
				B6C3607624FFA81F00E31503 /* Frameworks */,
				B6C3607724FFA81F00E31503 /* Resources */,
				190EA06C2A72B5B55BFF1137 /* [CP] Copy Pods Resources */,
				ED7D47956A6DE3AE01F7BD78 /* [CP] Embed Pods Frameworks */,
			);
			buildRules = (
			);
			dependencies = (
			);
			name = Tap2Map;
			productName = Tap2Map;
			productReference = B6C3607924FFA81F00E31503 /* Tap2Map.app */;
			productType = "com.apple.product-type.application";
		};
/* End PBXNativeTarget section */

/* Begin PBXProject section */
		B6C3607124FFA81F00E31503 /* Project object */ = {
			isa = PBXProject;
			attributes = {
				LastSwiftUpdateCheck = 1170;
				LastUpgradeCheck = 1170;
				ORGANIZATIONNAME = "Aleksandr Fetisov";
				TargetAttributes = {
					B6C3607824FFA81F00E31503 = {
						CreatedOnToolsVersion = 11.7;
					};
				};
			};
			buildConfigurationList = B6C3607424FFA81F00E31503 /* Build configuration list for PBXProject "Tap2Map" */;
			compatibilityVersion = "Xcode 9.3";
			developmentRegion = en;
			hasScannedForEncodings = 0;
			knownRegions = (
				en,
				Base,
			);
			mainGroup = B6C3607024FFA81F00E31503;
			productRefGroup = B6C3607A24FFA81F00E31503 /* Products */;
			projectDirPath = "";
			projectRoot = "";
			targets = (
				B6C3607824FFA81F00E31503 /* Tap2Map */,
			);
		};
/* End PBXProject section */

/* Begin PBXResourcesBuildPhase section */
		B6C3607724FFA81F00E31503 /* Resources */ = {
			isa = PBXResourcesBuildPhase;
			buildActionMask = 2147483647;
			files = (
				B60383622506B0EA005BE105 /* Auth.storyboard in Resources */,
				B6C3608924FFA82000E31503 /* LaunchScreen.storyboard in Resources */,
				B6C3608624FFA82000E31503 /* Assets.xcassets in Resources */,
				B6C3608424FFA81F00E31503 /* Main.storyboard in Resources */,
			);
			runOnlyForDeploymentPostprocessing = 0;
		};
/* End PBXResourcesBuildPhase section */

/* Begin PBXShellScriptBuildPhase section */
		08534F4BAFAD0A9008A1FC07 /* [CP] Check Pods Manifest.lock */ = {
			isa = PBXShellScriptBuildPhase;
			buildActionMask = 2147483647;
			files = (
			);
			inputFileListPaths = (
			);
			inputPaths = (
				"${PODS_PODFILE_DIR_PATH}/Podfile.lock",
				"${PODS_ROOT}/Manifest.lock",
			);
			name = "[CP] Check Pods Manifest.lock";
			outputFileListPaths = (
			);
			outputPaths = (
				"$(DERIVED_FILE_DIR)/Pods-Tap2Map-checkManifestLockResult.txt",
			);
			runOnlyForDeploymentPostprocessing = 0;
			shellPath = /bin/sh;
			shellScript = "diff \"${PODS_PODFILE_DIR_PATH}/Podfile.lock\" \"${PODS_ROOT}/Manifest.lock\" > /dev/null\nif [ $? != 0 ] ; then\n    # print error to STDERR\n    echo \"error: The sandbox is not in sync with the Podfile.lock. Run 'pod install' or update your CocoaPods installation.\" >&2\n    exit 1\nfi\n# This output is used by Xcode 'outputs' to avoid re-running this script phase.\necho \"SUCCESS\" > \"${SCRIPT_OUTPUT_FILE_0}\"\n";
			showEnvVarsInLog = 0;
		};
		190EA06C2A72B5B55BFF1137 /* [CP] Copy Pods Resources */ = {
			isa = PBXShellScriptBuildPhase;
			buildActionMask = 2147483647;
			files = (
			);
			inputFileListPaths = (
				"${PODS_ROOT}/Target Support Files/Pods-Tap2Map/Pods-Tap2Map-resources-${CONFIGURATION}-input-files.xcfilelist",
			);
			name = "[CP] Copy Pods Resources";
			outputFileListPaths = (
				"${PODS_ROOT}/Target Support Files/Pods-Tap2Map/Pods-Tap2Map-resources-${CONFIGURATION}-output-files.xcfilelist",
			);
			runOnlyForDeploymentPostprocessing = 0;
			shellPath = /bin/sh;
			shellScript = "\"${PODS_ROOT}/Target Support Files/Pods-Tap2Map/Pods-Tap2Map-resources.sh\"\n";
			showEnvVarsInLog = 0;
		};
		ED7D47956A6DE3AE01F7BD78 /* [CP] Embed Pods Frameworks */ = {
			isa = PBXShellScriptBuildPhase;
			buildActionMask = 2147483647;
			files = (
			);
			inputFileListPaths = (
				"${PODS_ROOT}/Target Support Files/Pods-Tap2Map/Pods-Tap2Map-frameworks-${CONFIGURATION}-input-files.xcfilelist",
			);
			name = "[CP] Embed Pods Frameworks";
			outputFileListPaths = (
				"${PODS_ROOT}/Target Support Files/Pods-Tap2Map/Pods-Tap2Map-frameworks-${CONFIGURATION}-output-files.xcfilelist",
			);
			runOnlyForDeploymentPostprocessing = 0;
			shellPath = /bin/sh;
			shellScript = "\"${PODS_ROOT}/Target Support Files/Pods-Tap2Map/Pods-Tap2Map-frameworks.sh\"\n";
			showEnvVarsInLog = 0;
		};
/* End PBXShellScriptBuildPhase section */

/* Begin PBXSourcesBuildPhase section */
		B6C3607524FFA81F00E31503 /* Sources */ = {
			isa = PBXSourcesBuildPhase;
			buildActionMask = 2147483647;
			files = (
				B60383642506B298005BE105 /* LoginViewController.swift in Sources */,
				B62CC86E2508004300EF7BF6 /* RegistryCoordinator.swift in Sources */,
				B66AD2C725101817004A8377 /* LocationManager.swift in Sources */,
				B62CC8692507C50700EF7BF6 /* AuthCoordinator.swift in Sources */,
				B60383742507B955005BE105 /* MainCoordinator.swift in Sources */,
				B603836A2507AD47005BE105 /* UIViewController + ext.swift in Sources */,
				B6C3608124FFA81F00E31503 /* MapViewController.swift in Sources */,
				B6C3607D24FFA81F00E31503 /* AppDelegate.swift in Sources */,
				B6C3607F24FFA81F00E31503 /* SceneDelegate.swift in Sources */,
				B60383702507B43E005BE105 /* BaseCoordinator.swift in Sources */,
				B60383682507AA69005BE105 /* User.swift in Sources */,
				B60383662506B330005BE105 /* RegistrationViewController.swift in Sources */,
				B667EEA52519F63C00BBBA65 /* NotificationService.swift in Sources */,
				B60383542502995D005BE105 /* Coordinate.swift in Sources */,
				B60383602506B066005BE105 /* MainViewController.swift in Sources */,
				B60383722507B78F005BE105 /* ApplicationCoordinator.swift in Sources */,
			);
			runOnlyForDeploymentPostprocessing = 0;
		};
/* End PBXSourcesBuildPhase section */

/* Begin PBXVariantGroup section */
		B6C3608224FFA81F00E31503 /* Main.storyboard */ = {
			isa = PBXVariantGroup;
			children = (
				B6C3608324FFA81F00E31503 /* Base */,
			);
			name = Main.storyboard;
			sourceTree = "<group>";
		};
		B6C3608724FFA82000E31503 /* LaunchScreen.storyboard */ = {
			isa = PBXVariantGroup;
			children = (
				B6C3608824FFA82000E31503 /* Base */,
			);
			name = LaunchScreen.storyboard;
			sourceTree = "<group>";
		};
/* End PBXVariantGroup section */

/* Begin XCBuildConfiguration section */
		B6C3608B24FFA82000E31503 /* Debug */ = {
			isa = XCBuildConfiguration;
			buildSettings = {
				ALWAYS_SEARCH_USER_PATHS = NO;
				CLANG_ANALYZER_NONNULL = YES;
				CLANG_ANALYZER_NUMBER_OBJECT_CONVERSION = YES_AGGRESSIVE;
				CLANG_CXX_LANGUAGE_STANDARD = "gnu++14";
				CLANG_CXX_LIBRARY = "libc++";
				CLANG_ENABLE_MODULES = YES;
				CLANG_ENABLE_OBJC_ARC = YES;
				CLANG_ENABLE_OBJC_WEAK = YES;
				CLANG_WARN_BLOCK_CAPTURE_AUTORELEASING = YES;
				CLANG_WARN_BOOL_CONVERSION = YES;
				CLANG_WARN_COMMA = YES;
				CLANG_WARN_CONSTANT_CONVERSION = YES;
				CLANG_WARN_DEPRECATED_OBJC_IMPLEMENTATIONS = YES;
				CLANG_WARN_DIRECT_OBJC_ISA_USAGE = YES_ERROR;
				CLANG_WARN_DOCUMENTATION_COMMENTS = YES;
				CLANG_WARN_EMPTY_BODY = YES;
				CLANG_WARN_ENUM_CONVERSION = YES;
				CLANG_WARN_INFINITE_RECURSION = YES;
				CLANG_WARN_INT_CONVERSION = YES;
				CLANG_WARN_NON_LITERAL_NULL_CONVERSION = YES;
				CLANG_WARN_OBJC_IMPLICIT_RETAIN_SELF = YES;
				CLANG_WARN_OBJC_LITERAL_CONVERSION = YES;
				CLANG_WARN_OBJC_ROOT_CLASS = YES_ERROR;
				CLANG_WARN_RANGE_LOOP_ANALYSIS = YES;
				CLANG_WARN_STRICT_PROTOTYPES = YES;
				CLANG_WARN_SUSPICIOUS_MOVE = YES;
				CLANG_WARN_UNGUARDED_AVAILABILITY = YES_AGGRESSIVE;
				CLANG_WARN_UNREACHABLE_CODE = YES;
				CLANG_WARN__DUPLICATE_METHOD_MATCH = YES;
				COPY_PHASE_STRIP = NO;
				DEBUG_INFORMATION_FORMAT = dwarf;
				ENABLE_STRICT_OBJC_MSGSEND = YES;
				ENABLE_TESTABILITY = YES;
				GCC_C_LANGUAGE_STANDARD = gnu11;
				GCC_DYNAMIC_NO_PIC = NO;
				GCC_NO_COMMON_BLOCKS = YES;
				GCC_OPTIMIZATION_LEVEL = 0;
				GCC_PREPROCESSOR_DEFINITIONS = (
					"DEBUG=1",
					"$(inherited)",
				);
				GCC_WARN_64_TO_32_BIT_CONVERSION = YES;
				GCC_WARN_ABOUT_RETURN_TYPE = YES_ERROR;
				GCC_WARN_UNDECLARED_SELECTOR = YES;
				GCC_WARN_UNINITIALIZED_AUTOS = YES_AGGRESSIVE;
				GCC_WARN_UNUSED_FUNCTION = YES;
				GCC_WARN_UNUSED_VARIABLE = YES;
				IPHONEOS_DEPLOYMENT_TARGET = 13.7;
				MTL_ENABLE_DEBUG_INFO = INCLUDE_SOURCE;
				MTL_FAST_MATH = YES;
				ONLY_ACTIVE_ARCH = YES;
				SDKROOT = iphoneos;
				SWIFT_ACTIVE_COMPILATION_CONDITIONS = DEBUG;
				SWIFT_OPTIMIZATION_LEVEL = "-Onone";
			};
			name = Debug;
		};
		B6C3608C24FFA82000E31503 /* Release */ = {
			isa = XCBuildConfiguration;
			buildSettings = {
				ALWAYS_SEARCH_USER_PATHS = NO;
				CLANG_ANALYZER_NONNULL = YES;
				CLANG_ANALYZER_NUMBER_OBJECT_CONVERSION = YES_AGGRESSIVE;
				CLANG_CXX_LANGUAGE_STANDARD = "gnu++14";
				CLANG_CXX_LIBRARY = "libc++";
				CLANG_ENABLE_MODULES = YES;
				CLANG_ENABLE_OBJC_ARC = YES;
				CLANG_ENABLE_OBJC_WEAK = YES;
				CLANG_WARN_BLOCK_CAPTURE_AUTORELEASING = YES;
				CLANG_WARN_BOOL_CONVERSION = YES;
				CLANG_WARN_COMMA = YES;
				CLANG_WARN_CONSTANT_CONVERSION = YES;
				CLANG_WARN_DEPRECATED_OBJC_IMPLEMENTATIONS = YES;
				CLANG_WARN_DIRECT_OBJC_ISA_USAGE = YES_ERROR;
				CLANG_WARN_DOCUMENTATION_COMMENTS = YES;
				CLANG_WARN_EMPTY_BODY = YES;
				CLANG_WARN_ENUM_CONVERSION = YES;
				CLANG_WARN_INFINITE_RECURSION = YES;
				CLANG_WARN_INT_CONVERSION = YES;
				CLANG_WARN_NON_LITERAL_NULL_CONVERSION = YES;
				CLANG_WARN_OBJC_IMPLICIT_RETAIN_SELF = YES;
				CLANG_WARN_OBJC_LITERAL_CONVERSION = YES;
				CLANG_WARN_OBJC_ROOT_CLASS = YES_ERROR;
				CLANG_WARN_RANGE_LOOP_ANALYSIS = YES;
				CLANG_WARN_STRICT_PROTOTYPES = YES;
				CLANG_WARN_SUSPICIOUS_MOVE = YES;
				CLANG_WARN_UNGUARDED_AVAILABILITY = YES_AGGRESSIVE;
				CLANG_WARN_UNREACHABLE_CODE = YES;
				CLANG_WARN__DUPLICATE_METHOD_MATCH = YES;
				COPY_PHASE_STRIP = NO;
				DEBUG_INFORMATION_FORMAT = "dwarf-with-dsym";
				ENABLE_NS_ASSERTIONS = NO;
				ENABLE_STRICT_OBJC_MSGSEND = YES;
				GCC_C_LANGUAGE_STANDARD = gnu11;
				GCC_NO_COMMON_BLOCKS = YES;
				GCC_WARN_64_TO_32_BIT_CONVERSION = YES;
				GCC_WARN_ABOUT_RETURN_TYPE = YES_ERROR;
				GCC_WARN_UNDECLARED_SELECTOR = YES;
				GCC_WARN_UNINITIALIZED_AUTOS = YES_AGGRESSIVE;
				GCC_WARN_UNUSED_FUNCTION = YES;
				GCC_WARN_UNUSED_VARIABLE = YES;
				IPHONEOS_DEPLOYMENT_TARGET = 13.7;
				MTL_ENABLE_DEBUG_INFO = NO;
				MTL_FAST_MATH = YES;
				SDKROOT = iphoneos;
				SWIFT_COMPILATION_MODE = wholemodule;
				SWIFT_OPTIMIZATION_LEVEL = "-O";
				VALIDATE_PRODUCT = YES;
			};
			name = Release;
		};
		B6C3608E24FFA82000E31503 /* Debug */ = {
			isa = XCBuildConfiguration;
			baseConfigurationReference = D08FBCE0D85A176D6124EF28 /* Pods-Tap2Map.debug.xcconfig */;
			buildSettings = {
				ASSETCATALOG_COMPILER_APPICON_NAME = AppIcon;
				CODE_SIGN_STYLE = Automatic;
				DEVELOPMENT_TEAM = 77NB29ZK26;
				INFOPLIST_FILE = Tap2Map/Info.plist;
				LD_RUNPATH_SEARCH_PATHS = (
					"$(inherited)",
					"@executable_path/Frameworks",
				);
				PRODUCT_BUNDLE_IDENTIFIER = ru.geekbrains.Tap2Map;
				PRODUCT_NAME = "$(TARGET_NAME)";
				SWIFT_VERSION = 5.0;
				TARGETED_DEVICE_FAMILY = "1,2";
			};
			name = Debug;
		};
		B6C3608F24FFA82000E31503 /* Release */ = {
			isa = XCBuildConfiguration;
			baseConfigurationReference = BD77B27081B01AA3248C3AE4 /* Pods-Tap2Map.release.xcconfig */;
			buildSettings = {
				ASSETCATALOG_COMPILER_APPICON_NAME = AppIcon;
				CODE_SIGN_STYLE = Automatic;
				DEVELOPMENT_TEAM = 77NB29ZK26;
				INFOPLIST_FILE = Tap2Map/Info.plist;
				LD_RUNPATH_SEARCH_PATHS = (
					"$(inherited)",
					"@executable_path/Frameworks",
				);
				PRODUCT_BUNDLE_IDENTIFIER = ru.geekbrains.Tap2Map;
				PRODUCT_NAME = "$(TARGET_NAME)";
				SWIFT_VERSION = 5.0;
				TARGETED_DEVICE_FAMILY = "1,2";
			};
			name = Release;
		};
/* End XCBuildConfiguration section */

/* Begin XCConfigurationList section */
		B6C3607424FFA81F00E31503 /* Build configuration list for PBXProject "Tap2Map" */ = {
			isa = XCConfigurationList;
			buildConfigurations = (
				B6C3608B24FFA82000E31503 /* Debug */,
				B6C3608C24FFA82000E31503 /* Release */,
			);
			defaultConfigurationIsVisible = 0;
			defaultConfigurationName = Release;
		};
		B6C3608D24FFA82000E31503 /* Build configuration list for PBXNativeTarget "Tap2Map" */ = {
			isa = XCConfigurationList;
			buildConfigurations = (
				B6C3608E24FFA82000E31503 /* Debug */,
				B6C3608F24FFA82000E31503 /* Release */,
			);
			defaultConfigurationIsVisible = 0;
			defaultConfigurationName = Release;
		};
/* End XCConfigurationList section */
	};
	rootObject = B6C3607124FFA81F00E31503 /* Project object */;
}
